
Microsoft Visual Studio Solution File, Format Version 12.00
# Visual Studio 15
VisualStudioVersion = 15.0.28307.645
MinimumVisualStudioVersion = 10.0.40219.1
Project("{8BC9CEB8-8B4A-11D0-8D11-00A0C91BC942}") = "OpenGL_Project", "OpenGL_Project\OpenGL_Project.vcxproj", "{9E19ADED-4CB5-486E-8CA9-C9305868F586}"
EndProject
Project("{8BC9CEB8-8B4A-11D0-8D11-00A0C91BC942}") = "C02_FirstProgram", "C02_FirstProgram\C02_FirstProgram.vcxproj", "{DFF3C5CE-F6D0-4B71-B9A1-F4070F5FFBF0}"
EndProject
Project("{8BC9CEB8-8B4A-11D0-8D11-00A0C91BC942}") = "C03_DataTransfer", "C03_DataTransfer\C03_DataTransfer.vcxproj", "{B4FBCACE-E4AE-4A00-88B0-20C7F7F5714A}"
EndProject
Project("{8BC9CEB8-8B4A-11D0-8D11-00A0C91BC942}") = "C03_Tessellation", "C03_Tessellation\C03_Tessellation.vcxproj", "{4C2B7BDD-F8A9-46A2-A977-442EB061EF36}"
EndProject
Project("{8BC9CEB8-8B4A-11D0-8D11-00A0C91BC942}") = "C04_Vector", "C04_Vector\C04_Vector.vcxproj", "{AFB80AB4-5B69-4599-BDB9-888A5C1B3728}"
EndProject
Project("{8BC9CEB8-8B4A-11D0-8D11-00A0C91BC942}") = "C04_Matrix", "C04_Matrix\C04_Matrix.vcxproj", "{FCBE801B-9521-4A0D-9EA4-9E1E05BAF77B}"
EndProject
Project("{8BC9CEB8-8B4A-11D0-8D11-00A0C91BC942}") = "C04_Line", "C04_Line\C04_Line.vcxproj", "{1E208725-DD1C-4F25-8672-EB1867A0A020}"
EndProject
Project("{8BC9CEB8-8B4A-11D0-8D11-00A0C91BC942}") = "C05_Buffer", "C05_Buffer\C05_Buffer.vcxproj", "{9EC8A46F-4E33-444C-A0FC-FF5B101B4C02}"
EndProject
Project("{8BC9CEB8-8B4A-11D0-8D11-00A0C91BC942}") = "C05_MapBuffer", "C05_MapBuffer\C05_MapBuffer.vcxproj", "{3C02B305-AC01-43A5-96A9-D137D7AE4F48}"
EndProject
Project("{8BC9CEB8-8B4A-11D0-8D11-00A0C91BC942}") = "C05_Attrib", "C05_Attrib\C05_Attrib.vcxproj", "{7B771DFA-0E5B-4522-884C-BCF479BBDCA6}"
EndProject
Project("{8BC9CEB8-8B4A-11D0-8D11-00A0C91BC942}") = "C05_Uniform", "C05_Uniform\C05_Uniform.vcxproj", "{65ED7023-7D41-41E9-AC5C-E23F850D07B6}"
EndProject
Project("{8BC9CEB8-8B4A-11D0-8D11-00A0C91BC942}") = "C05_ShaderStorage", "C05_ShaderStorage\C05_ShaderStorage.vcxproj", "{C1573213-3B0F-411E-8569-685425EB1D87}"
EndProject
Project("{8BC9CEB8-8B4A-11D0-8D11-00A0C91BC942}") = "C05_TextureLoading", "C05_TextureLoading\C05_TextureLoading.vcxproj", "{CF5A9F41-4FE4-41AD-BF77-444CB1C0EABC}"
EndProject
Project("{8BC9CEB8-8B4A-11D0-8D11-00A0C91BC942}") = "C05_TextureWrapping", "C05_TextureWrapping\C05_TextureWrapping.vcxproj", "{0FEFCAF7-1BF3-4EC5-95C6-A19D5804665F}"
EndProject
Project("{8BC9CEB8-8B4A-11D0-8D11-00A0C91BC942}") = "C05_TextureFiltering", "C05_TextureFiltering\C05_TextureFiltering.vcxproj", "{44D124D3-B357-461A-B1CF-51084125A657}"
EndProject
Project("{8BC9CEB8-8B4A-11D0-8D11-00A0C91BC942}") = "C05_TextureSampling", "C05_TextureSampling\C05_TextureSampling.vcxproj", "{2E15D6F6-90AA-42B9-8C60-D6BBA9D23298}"
EndProject
Project("{8BC9CEB8-8B4A-11D0-8D11-00A0C91BC942}") = "C05_MultiTexture", "C05_MultiTexture\C05_MultiTexture.vcxproj", "{97062E9D-81EF-4071-A873-DA6A48FD0C00}"
EndProject
Project("{8BC9CEB8-8B4A-11D0-8D11-00A0C91BC942}") = "C05_TextureMipmap", "C05_TextureMipmap\C05_TextureMipmap.vcxproj", "{6C3DAA07-2068-4F46-9E0D-5BED2D123A4C}"
EndProject
Project("{8BC9CEB8-8B4A-11D0-8D11-00A0C91BC942}") = "C05_ArrayTexture", "C05_ArrayTexture\C05_ArrayTexture.vcxproj", "{A3895525-C27B-46B0-8D56-AA341632D66B}"
EndProject
Project("{8BC9CEB8-8B4A-11D0-8D11-00A0C91BC942}") = "C05_ImageStore", "C05_ImageStore\C05_ImageStore.vcxproj", "{76FA3A86-22CD-4DC4-8F42-98C2EE4BD60A}"
EndProject
Project("{8BC9CEB8-8B4A-11D0-8D11-00A0C91BC942}") = "C05_UniformBlock", "C05_UniformBlock\C05_UniformBlock.vcxproj", "{C9208189-A411-4D56-8F9B-D4E70965199A}"
EndProject
Global
	GlobalSection(SolutionConfigurationPlatforms) = preSolution
		Debug|x64 = Debug|x64
		Debug|x86 = Debug|x86
		Release|x64 = Release|x64
		Release|x86 = Release|x86
	EndGlobalSection
	GlobalSection(ProjectConfigurationPlatforms) = postSolution
		{9E19ADED-4CB5-486E-8CA9-C9305868F586}.Debug|x64.ActiveCfg = Debug|x64
		{9E19ADED-4CB5-486E-8CA9-C9305868F586}.Debug|x64.Build.0 = Debug|x64
		{9E19ADED-4CB5-486E-8CA9-C9305868F586}.Debug|x86.ActiveCfg = Debug|Win32
		{9E19ADED-4CB5-486E-8CA9-C9305868F586}.Debug|x86.Build.0 = Debug|Win32
		{9E19ADED-4CB5-486E-8CA9-C9305868F586}.Release|x64.ActiveCfg = Release|x64
		{9E19ADED-4CB5-486E-8CA9-C9305868F586}.Release|x64.Build.0 = Release|x64
		{9E19ADED-4CB5-486E-8CA9-C9305868F586}.Release|x86.ActiveCfg = Release|Win32
		{9E19ADED-4CB5-486E-8CA9-C9305868F586}.Release|x86.Build.0 = Release|Win32
		{DFF3C5CE-F6D0-4B71-B9A1-F4070F5FFBF0}.Debug|x64.ActiveCfg = Debug|x64
		{DFF3C5CE-F6D0-4B71-B9A1-F4070F5FFBF0}.Debug|x64.Build.0 = Debug|x64
		{DFF3C5CE-F6D0-4B71-B9A1-F4070F5FFBF0}.Debug|x86.ActiveCfg = Debug|Win32
		{DFF3C5CE-F6D0-4B71-B9A1-F4070F5FFBF0}.Debug|x86.Build.0 = Debug|Win32
		{DFF3C5CE-F6D0-4B71-B9A1-F4070F5FFBF0}.Release|x64.ActiveCfg = Release|x64
		{DFF3C5CE-F6D0-4B71-B9A1-F4070F5FFBF0}.Release|x64.Build.0 = Release|x64
		{DFF3C5CE-F6D0-4B71-B9A1-F4070F5FFBF0}.Release|x86.ActiveCfg = Release|Win32
		{DFF3C5CE-F6D0-4B71-B9A1-F4070F5FFBF0}.Release|x86.Build.0 = Release|Win32
		{B4FBCACE-E4AE-4A00-88B0-20C7F7F5714A}.Debug|x64.ActiveCfg = Debug|x64
		{B4FBCACE-E4AE-4A00-88B0-20C7F7F5714A}.Debug|x64.Build.0 = Debug|x64
		{B4FBCACE-E4AE-4A00-88B0-20C7F7F5714A}.Debug|x86.ActiveCfg = Debug|Win32
		{B4FBCACE-E4AE-4A00-88B0-20C7F7F5714A}.Debug|x86.Build.0 = Debug|Win32
		{B4FBCACE-E4AE-4A00-88B0-20C7F7F5714A}.Release|x64.ActiveCfg = Release|x64
		{B4FBCACE-E4AE-4A00-88B0-20C7F7F5714A}.Release|x64.Build.0 = Release|x64
		{B4FBCACE-E4AE-4A00-88B0-20C7F7F5714A}.Release|x86.ActiveCfg = Release|Win32
		{B4FBCACE-E4AE-4A00-88B0-20C7F7F5714A}.Release|x86.Build.0 = Release|Win32
		{4C2B7BDD-F8A9-46A2-A977-442EB061EF36}.Debug|x64.ActiveCfg = Debug|x64
		{4C2B7BDD-F8A9-46A2-A977-442EB061EF36}.Debug|x64.Build.0 = Debug|x64
		{4C2B7BDD-F8A9-46A2-A977-442EB061EF36}.Debug|x86.ActiveCfg = Debug|Win32
		{4C2B7BDD-F8A9-46A2-A977-442EB061EF36}.Debug|x86.Build.0 = Debug|Win32
		{4C2B7BDD-F8A9-46A2-A977-442EB061EF36}.Release|x64.ActiveCfg = Release|x64
		{4C2B7BDD-F8A9-46A2-A977-442EB061EF36}.Release|x64.Build.0 = Release|x64
		{4C2B7BDD-F8A9-46A2-A977-442EB061EF36}.Release|x86.ActiveCfg = Release|Win32
		{4C2B7BDD-F8A9-46A2-A977-442EB061EF36}.Release|x86.Build.0 = Release|Win32
		{AFB80AB4-5B69-4599-BDB9-888A5C1B3728}.Debug|x64.ActiveCfg = Debug|x64
		{AFB80AB4-5B69-4599-BDB9-888A5C1B3728}.Debug|x64.Build.0 = Debug|x64
		{AFB80AB4-5B69-4599-BDB9-888A5C1B3728}.Debug|x86.ActiveCfg = Debug|Win32
		{AFB80AB4-5B69-4599-BDB9-888A5C1B3728}.Debug|x86.Build.0 = Debug|Win32
		{AFB80AB4-5B69-4599-BDB9-888A5C1B3728}.Release|x64.ActiveCfg = Release|x64
		{AFB80AB4-5B69-4599-BDB9-888A5C1B3728}.Release|x64.Build.0 = Release|x64
		{AFB80AB4-5B69-4599-BDB9-888A5C1B3728}.Release|x86.ActiveCfg = Release|Win32
		{AFB80AB4-5B69-4599-BDB9-888A5C1B3728}.Release|x86.Build.0 = Release|Win32
		{FCBE801B-9521-4A0D-9EA4-9E1E05BAF77B}.Debug|x64.ActiveCfg = Debug|x64
		{FCBE801B-9521-4A0D-9EA4-9E1E05BAF77B}.Debug|x64.Build.0 = Debug|x64
		{FCBE801B-9521-4A0D-9EA4-9E1E05BAF77B}.Debug|x86.ActiveCfg = Debug|Win32
		{FCBE801B-9521-4A0D-9EA4-9E1E05BAF77B}.Debug|x86.Build.0 = Debug|Win32
		{FCBE801B-9521-4A0D-9EA4-9E1E05BAF77B}.Release|x64.ActiveCfg = Release|x64
		{FCBE801B-9521-4A0D-9EA4-9E1E05BAF77B}.Release|x64.Build.0 = Release|x64
		{FCBE801B-9521-4A0D-9EA4-9E1E05BAF77B}.Release|x86.ActiveCfg = Release|Win32
		{FCBE801B-9521-4A0D-9EA4-9E1E05BAF77B}.Release|x86.Build.0 = Release|Win32
		{1E208725-DD1C-4F25-8672-EB1867A0A020}.Debug|x64.ActiveCfg = Debug|x64
		{1E208725-DD1C-4F25-8672-EB1867A0A020}.Debug|x64.Build.0 = Debug|x64
		{1E208725-DD1C-4F25-8672-EB1867A0A020}.Debug|x86.ActiveCfg = Debug|Win32
		{1E208725-DD1C-4F25-8672-EB1867A0A020}.Debug|x86.Build.0 = Debug|Win32
		{1E208725-DD1C-4F25-8672-EB1867A0A020}.Release|x64.ActiveCfg = Release|x64
		{1E208725-DD1C-4F25-8672-EB1867A0A020}.Release|x64.Build.0 = Release|x64
		{1E208725-DD1C-4F25-8672-EB1867A0A020}.Release|x86.ActiveCfg = Release|Win32
		{1E208725-DD1C-4F25-8672-EB1867A0A020}.Release|x86.Build.0 = Release|Win32
		{9EC8A46F-4E33-444C-A0FC-FF5B101B4C02}.Debug|x64.ActiveCfg = Debug|x64
		{9EC8A46F-4E33-444C-A0FC-FF5B101B4C02}.Debug|x64.Build.0 = Debug|x64
		{9EC8A46F-4E33-444C-A0FC-FF5B101B4C02}.Debug|x86.ActiveCfg = Debug|Win32
		{9EC8A46F-4E33-444C-A0FC-FF5B101B4C02}.Debug|x86.Build.0 = Debug|Win32
		{9EC8A46F-4E33-444C-A0FC-FF5B101B4C02}.Release|x64.ActiveCfg = Release|x64
		{9EC8A46F-4E33-444C-A0FC-FF5B101B4C02}.Release|x64.Build.0 = Release|x64
		{9EC8A46F-4E33-444C-A0FC-FF5B101B4C02}.Release|x86.ActiveCfg = Release|Win32
		{9EC8A46F-4E33-444C-A0FC-FF5B101B4C02}.Release|x86.Build.0 = Release|Win32
		{3C02B305-AC01-43A5-96A9-D137D7AE4F48}.Debug|x64.ActiveCfg = Debug|x64
		{3C02B305-AC01-43A5-96A9-D137D7AE4F48}.Debug|x64.Build.0 = Debug|x64
		{3C02B305-AC01-43A5-96A9-D137D7AE4F48}.Debug|x86.ActiveCfg = Debug|Win32
		{3C02B305-AC01-43A5-96A9-D137D7AE4F48}.Debug|x86.Build.0 = Debug|Win32
		{3C02B305-AC01-43A5-96A9-D137D7AE4F48}.Release|x64.ActiveCfg = Release|x64
		{3C02B305-AC01-43A5-96A9-D137D7AE4F48}.Release|x64.Build.0 = Release|x64
		{3C02B305-AC01-43A5-96A9-D137D7AE4F48}.Release|x86.ActiveCfg = Release|Win32
		{3C02B305-AC01-43A5-96A9-D137D7AE4F48}.Release|x86.Build.0 = Release|Win32
		{7B771DFA-0E5B-4522-884C-BCF479BBDCA6}.Debug|x64.ActiveCfg = Debug|x64
		{7B771DFA-0E5B-4522-884C-BCF479BBDCA6}.Debug|x64.Build.0 = Debug|x64
		{7B771DFA-0E5B-4522-884C-BCF479BBDCA6}.Debug|x86.ActiveCfg = Debug|Win32
		{7B771DFA-0E5B-4522-884C-BCF479BBDCA6}.Debug|x86.Build.0 = Debug|Win32
		{7B771DFA-0E5B-4522-884C-BCF479BBDCA6}.Release|x64.ActiveCfg = Release|x64
		{7B771DFA-0E5B-4522-884C-BCF479BBDCA6}.Release|x64.Build.0 = Release|x64
		{7B771DFA-0E5B-4522-884C-BCF479BBDCA6}.Release|x86.ActiveCfg = Release|Win32
		{7B771DFA-0E5B-4522-884C-BCF479BBDCA6}.Release|x86.Build.0 = Release|Win32
		{65ED7023-7D41-41E9-AC5C-E23F850D07B6}.Debug|x64.ActiveCfg = Debug|x64
		{65ED7023-7D41-41E9-AC5C-E23F850D07B6}.Debug|x64.Build.0 = Debug|x64
		{65ED7023-7D41-41E9-AC5C-E23F850D07B6}.Debug|x86.ActiveCfg = Debug|Win32
		{65ED7023-7D41-41E9-AC5C-E23F850D07B6}.Debug|x86.Build.0 = Debug|Win32
		{65ED7023-7D41-41E9-AC5C-E23F850D07B6}.Release|x64.ActiveCfg = Release|x64
		{65ED7023-7D41-41E9-AC5C-E23F850D07B6}.Release|x64.Build.0 = Release|x64
		{65ED7023-7D41-41E9-AC5C-E23F850D07B6}.Release|x86.ActiveCfg = Release|Win32
		{65ED7023-7D41-41E9-AC5C-E23F850D07B6}.Release|x86.Build.0 = Release|Win32
		{C1573213-3B0F-411E-8569-685425EB1D87}.Debug|x64.ActiveCfg = Debug|x64
		{C1573213-3B0F-411E-8569-685425EB1D87}.Debug|x64.Build.0 = Debug|x64
		{C1573213-3B0F-411E-8569-685425EB1D87}.Debug|x86.ActiveCfg = Debug|Win32
		{C1573213-3B0F-411E-8569-685425EB1D87}.Debug|x86.Build.0 = Debug|Win32
		{C1573213-3B0F-411E-8569-685425EB1D87}.Release|x64.ActiveCfg = Release|x64
		{C1573213-3B0F-411E-8569-685425EB1D87}.Release|x64.Build.0 = Release|x64
		{C1573213-3B0F-411E-8569-685425EB1D87}.Release|x86.ActiveCfg = Release|Win32
		{C1573213-3B0F-411E-8569-685425EB1D87}.Release|x86.Build.0 = Release|Win32
		{CF5A9F41-4FE4-41AD-BF77-444CB1C0EABC}.Debug|x64.ActiveCfg = Debug|x64
		{CF5A9F41-4FE4-41AD-BF77-444CB1C0EABC}.Debug|x64.Build.0 = Debug|x64
		{CF5A9F41-4FE4-41AD-BF77-444CB1C0EABC}.Debug|x86.ActiveCfg = Debug|Win32
		{CF5A9F41-4FE4-41AD-BF77-444CB1C0EABC}.Debug|x86.Build.0 = Debug|Win32
		{CF5A9F41-4FE4-41AD-BF77-444CB1C0EABC}.Release|x64.ActiveCfg = Release|x64
		{CF5A9F41-4FE4-41AD-BF77-444CB1C0EABC}.Release|x64.Build.0 = Release|x64
		{CF5A9F41-4FE4-41AD-BF77-444CB1C0EABC}.Release|x86.ActiveCfg = Release|Win32
		{CF5A9F41-4FE4-41AD-BF77-444CB1C0EABC}.Release|x86.Build.0 = Release|Win32
		{0FEFCAF7-1BF3-4EC5-95C6-A19D5804665F}.Debug|x64.ActiveCfg = Debug|x64
		{0FEFCAF7-1BF3-4EC5-95C6-A19D5804665F}.Debug|x64.Build.0 = Debug|x64
		{0FEFCAF7-1BF3-4EC5-95C6-A19D5804665F}.Debug|x86.ActiveCfg = Debug|Win32
		{0FEFCAF7-1BF3-4EC5-95C6-A19D5804665F}.Debug|x86.Build.0 = Debug|Win32
		{0FEFCAF7-1BF3-4EC5-95C6-A19D5804665F}.Release|x64.ActiveCfg = Release|x64
		{0FEFCAF7-1BF3-4EC5-95C6-A19D5804665F}.Release|x64.Build.0 = Release|x64
		{0FEFCAF7-1BF3-4EC5-95C6-A19D5804665F}.Release|x86.ActiveCfg = Release|Win32
		{0FEFCAF7-1BF3-4EC5-95C6-A19D5804665F}.Release|x86.Build.0 = Release|Win32
		{44D124D3-B357-461A-B1CF-51084125A657}.Debug|x64.ActiveCfg = Debug|x64
		{44D124D3-B357-461A-B1CF-51084125A657}.Debug|x64.Build.0 = Debug|x64
		{44D124D3-B357-461A-B1CF-51084125A657}.Debug|x86.ActiveCfg = Debug|Win32
		{44D124D3-B357-461A-B1CF-51084125A657}.Debug|x86.Build.0 = Debug|Win32
		{44D124D3-B357-461A-B1CF-51084125A657}.Release|x64.ActiveCfg = Release|x64
		{44D124D3-B357-461A-B1CF-51084125A657}.Release|x64.Build.0 = Release|x64
		{44D124D3-B357-461A-B1CF-51084125A657}.Release|x86.ActiveCfg = Release|Win32
		{44D124D3-B357-461A-B1CF-51084125A657}.Release|x86.Build.0 = Release|Win32
		{2E15D6F6-90AA-42B9-8C60-D6BBA9D23298}.Debug|x64.ActiveCfg = Debug|x64
		{2E15D6F6-90AA-42B9-8C60-D6BBA9D23298}.Debug|x64.Build.0 = Debug|x64
		{2E15D6F6-90AA-42B9-8C60-D6BBA9D23298}.Debug|x86.ActiveCfg = Debug|Win32
		{2E15D6F6-90AA-42B9-8C60-D6BBA9D23298}.Debug|x86.Build.0 = Debug|Win32
		{2E15D6F6-90AA-42B9-8C60-D6BBA9D23298}.Release|x64.ActiveCfg = Release|x64
		{2E15D6F6-90AA-42B9-8C60-D6BBA9D23298}.Release|x64.Build.0 = Release|x64
		{2E15D6F6-90AA-42B9-8C60-D6BBA9D23298}.Release|x86.ActiveCfg = Release|Win32
		{2E15D6F6-90AA-42B9-8C60-D6BBA9D23298}.Release|x86.Build.0 = Release|Win32
		{97062E9D-81EF-4071-A873-DA6A48FD0C00}.Debug|x64.ActiveCfg = Debug|x64
		{97062E9D-81EF-4071-A873-DA6A48FD0C00}.Debug|x64.Build.0 = Debug|x64
		{97062E9D-81EF-4071-A873-DA6A48FD0C00}.Debug|x86.ActiveCfg = Debug|Win32
		{97062E9D-81EF-4071-A873-DA6A48FD0C00}.Debug|x86.Build.0 = Debug|Win32
		{97062E9D-81EF-4071-A873-DA6A48FD0C00}.Release|x64.ActiveCfg = Release|x64
		{97062E9D-81EF-4071-A873-DA6A48FD0C00}.Release|x64.Build.0 = Release|x64
		{97062E9D-81EF-4071-A873-DA6A48FD0C00}.Release|x86.ActiveCfg = Release|Win32
		{97062E9D-81EF-4071-A873-DA6A48FD0C00}.Release|x86.Build.0 = Release|Win32
		{6C3DAA07-2068-4F46-9E0D-5BED2D123A4C}.Debug|x64.ActiveCfg = Debug|x64
		{6C3DAA07-2068-4F46-9E0D-5BED2D123A4C}.Debug|x64.Build.0 = Debug|x64
		{6C3DAA07-2068-4F46-9E0D-5BED2D123A4C}.Debug|x86.ActiveCfg = Debug|Win32
		{6C3DAA07-2068-4F46-9E0D-5BED2D123A4C}.Debug|x86.Build.0 = Debug|Win32
		{6C3DAA07-2068-4F46-9E0D-5BED2D123A4C}.Release|x64.ActiveCfg = Release|x64
		{6C3DAA07-2068-4F46-9E0D-5BED2D123A4C}.Release|x64.Build.0 = Release|x64
		{6C3DAA07-2068-4F46-9E0D-5BED2D123A4C}.Release|x86.ActiveCfg = Release|Win32
		{6C3DAA07-2068-4F46-9E0D-5BED2D123A4C}.Release|x86.Build.0 = Release|Win32
		{A3895525-C27B-46B0-8D56-AA341632D66B}.Debug|x64.ActiveCfg = Debug|x64
		{A3895525-C27B-46B0-8D56-AA341632D66B}.Debug|x64.Build.0 = Debug|x64
		{A3895525-C27B-46B0-8D56-AA341632D66B}.Debug|x86.ActiveCfg = Debug|Win32
		{A3895525-C27B-46B0-8D56-AA341632D66B}.Debug|x86.Build.0 = Debug|Win32
		{A3895525-C27B-46B0-8D56-AA341632D66B}.Release|x64.ActiveCfg = Release|x64
		{A3895525-C27B-46B0-8D56-AA341632D66B}.Release|x64.Build.0 = Release|x64
		{A3895525-C27B-46B0-8D56-AA341632D66B}.Release|x86.ActiveCfg = Release|Win32
		{A3895525-C27B-46B0-8D56-AA341632D66B}.Release|x86.Build.0 = Release|Win32
		{76FA3A86-22CD-4DC4-8F42-98C2EE4BD60A}.Debug|x64.ActiveCfg = Debug|x64
		{76FA3A86-22CD-4DC4-8F42-98C2EE4BD60A}.Debug|x64.Build.0 = Debug|x64
		{76FA3A86-22CD-4DC4-8F42-98C2EE4BD60A}.Debug|x86.ActiveCfg = Debug|Win32
		{76FA3A86-22CD-4DC4-8F42-98C2EE4BD60A}.Debug|x86.Build.0 = Debug|Win32
		{76FA3A86-22CD-4DC4-8F42-98C2EE4BD60A}.Release|x64.ActiveCfg = Release|x64
		{76FA3A86-22CD-4DC4-8F42-98C2EE4BD60A}.Release|x64.Build.0 = Release|x64
		{76FA3A86-22CD-4DC4-8F42-98C2EE4BD60A}.Release|x86.ActiveCfg = Release|Win32
		{76FA3A86-22CD-4DC4-8F42-98C2EE4BD60A}.Release|x86.Build.0 = Release|Win32
		{C9208189-A411-4D56-8F9B-D4E70965199A}.Debug|x64.ActiveCfg = Debug|x64
		{C9208189-A411-4D56-8F9B-D4E70965199A}.Debug|x64.Build.0 = Debug|x64
		{C9208189-A411-4D56-8F9B-D4E70965199A}.Debug|x86.ActiveCfg = Debug|Win32
		{C9208189-A411-4D56-8F9B-D4E70965199A}.Debug|x86.Build.0 = Debug|Win32
		{C9208189-A411-4D56-8F9B-D4E70965199A}.Release|x64.ActiveCfg = Release|x64
		{C9208189-A411-4D56-8F9B-D4E70965199A}.Release|x64.Build.0 = Release|x64
		{C9208189-A411-4D56-8F9B-D4E70965199A}.Release|x86.ActiveCfg = Release|Win32
		{C9208189-A411-4D56-8F9B-D4E70965199A}.Release|x86.Build.0 = Release|Win32
	EndGlobalSection
	GlobalSection(SolutionProperties) = preSolution
		HideSolutionNode = FALSE
	EndGlobalSection
	GlobalSection(ExtensibilityGlobals) = postSolution
		SolutionGuid = {CF4DB1CB-4DB6-4C49-A11D-1F89226BE9F3}
	EndGlobalSection
EndGlobal
