
Microsoft Visual Studio Solution File, Format Version 12.00
# Visual Studio 15
VisualStudioVersion = 15.0.28307.645
MinimumVisualStudioVersion = 10.0.40219.1
Project("{8BC9CEB8-8B4A-11D0-8D11-00A0C91BC942}") = "OpenGL_Project", "OpenGL_Project\OpenGL_Project.vcxproj", "{9E19ADED-4CB5-486E-8CA9-C9305868F586}"
EndProject
Project("{8BC9CEB8-8B4A-11D0-8D11-00A0C91BC942}") = "C02_FirstProgram", "C02_FirstProgram\C02_FirstProgram.vcxproj", "{DFF3C5CE-F6D0-4B71-B9A1-F4070F5FFBF0}"
EndProject
Project("{8BC9CEB8-8B4A-11D0-8D11-00A0C91BC942}") = "C03_DataTransfer", "C03_DataTransfer\C03_DataTransfer.vcxproj", "{B4FBCACE-E4AE-4A00-88B0-20C7F7F5714A}"
EndProject
Project("{8BC9CEB8-8B4A-11D0-8D11-00A0C91BC942}") = "C03_Tessellation", "C03_Tessellation\C03_Tessellation.vcxproj", "{4C2B7BDD-F8A9-46A2-A977-442EB061EF36}"
EndProject
Project("{8BC9CEB8-8B4A-11D0-8D11-00A0C91BC942}") = "C04_Vector", "C04_Vector\C04_Vector.vcxproj", "{AFB80AB4-5B69-4599-BDB9-888A5C1B3728}"
EndProject
Project("{8BC9CEB8-8B4A-11D0-8D11-00A0C91BC942}") = "C04_Matrix", "C04_Matrix\C04_Matrix.vcxproj", "{FCBE801B-9521-4A0D-9EA4-9E1E05BAF77B}"
EndProject
Project("{8BC9CEB8-8B4A-11D0-8D11-00A0C91BC942}") = "C04_Line", "C04_Line\C04_Line.vcxproj", "{1E208725-DD1C-4F25-8672-EB1867A0A020}"
EndProject
Project("{8BC9CEB8-8B4A-11D0-8D11-00A0C91BC942}") = "C05_Buffer", "C05_Buffer\C05_Buffer.vcxproj", "{9EC8A46F-4E33-444C-A0FC-FF5B101B4C02}"
EndProject
Project("{8BC9CEB8-8B4A-11D0-8D11-00A0C91BC942}") = "C05_MapBuffer", "C05_MapBuffer\C05_MapBuffer.vcxproj", "{3C02B305-AC01-43A5-96A9-D137D7AE4F48}"
EndProject
Project("{8BC9CEB8-8B4A-11D0-8D11-00A0C91BC942}") = "C05_Attrib", "C05_Attrib\C05_Attrib.vcxproj", "{7B771DFA-0E5B-4522-884C-BCF479BBDCA6}"
EndProject
Project("{8BC9CEB8-8B4A-11D0-8D11-00A0C91BC942}") = "C05_Uniform", "C05_Uniform\C05_Uniform.vcxproj", "{65ED7023-7D41-41E9-AC5C-E23F850D07B6}"
EndProject
Project("{8BC9CEB8-8B4A-11D0-8D11-00A0C91BC942}") = "C05_ShaderStorage", "C05_ShaderStorage\C05_ShaderStorage.vcxproj", "{C1573213-3B0F-411E-8569-685425EB1D87}"
EndProject
Project("{8BC9CEB8-8B4A-11D0-8D11-00A0C91BC942}") = "C05_TextureLoading", "C05_TextureLoading\C05_TextureLoading.vcxproj", "{CF5A9F41-4FE4-41AD-BF77-444CB1C0EABC}"
EndProject
Project("{8BC9CEB8-8B4A-11D0-8D11-00A0C91BC942}") = "C05_TextureWrapping", "C05_TextureWrapping\C05_TextureWrapping.vcxproj", "{0FEFCAF7-1BF3-4EC5-95C6-A19D5804665F}"
EndProject
Project("{8BC9CEB8-8B4A-11D0-8D11-00A0C91BC942}") = "C05_TextureFiltering", "C05_TextureFiltering\C05_TextureFiltering.vcxproj", "{44D124D3-B357-461A-B1CF-51084125A657}"
EndProject
Project("{8BC9CEB8-8B4A-11D0-8D11-00A0C91BC942}") = "C05_TextureSampling", "C05_TextureSampling\C05_TextureSampling.vcxproj", "{2E15D6F6-90AA-42B9-8C60-D6BBA9D23298}"
EndProject
Project("{8BC9CEB8-8B4A-11D0-8D11-00A0C91BC942}") = "C05_MultiTexture", "C05_MultiTexture\C05_MultiTexture.vcxproj", "{97062E9D-81EF-4071-A873-DA6A48FD0C00}"
EndProject
Project("{8BC9CEB8-8B4A-11D0-8D11-00A0C91BC942}") = "C05_TextureMipmap", "C05_TextureMipmap\C05_TextureMipmap.vcxproj", "{6C3DAA07-2068-4F46-9E0D-5BED2D123A4C}"
EndProject
Project("{8BC9CEB8-8B4A-11D0-8D11-00A0C91BC942}") = "C05_ArrayTexture", "C05_ArrayTexture\C05_ArrayTexture.vcxproj", "{A3895525-C27B-46B0-8D56-AA341632D66B}"
EndProject
Project("{8BC9CEB8-8B4A-11D0-8D11-00A0C91BC942}") = "C05_ImageStore", "C05_ImageStore\C05_ImageStore.vcxproj", "{76FA3A86-22CD-4DC4-8F42-98C2EE4BD60A}"
EndProject
Project("{8BC9CEB8-8B4A-11D0-8D11-00A0C91BC942}") = "C05_UniformBlock", "C05_UniformBlock\C05_UniformBlock.vcxproj", "{C9208189-A411-4D56-8F9B-D4E70965199A}"
EndProject
Project("{8BC9CEB8-8B4A-11D0-8D11-00A0C91BC942}") = "C06_DebugShader", "C06_DebugShader\C06_DebugShader.vcxproj", "{EC626E7F-77A1-4ABB-816C-566FD08F7706}"
EndProject
Project("{8BC9CEB8-8B4A-11D0-8D11-00A0C91BC942}") = "C07_ClipDistance", "C07_ClipDistance\C07_ClipDistance.vcxproj", "{7CADB845-BC12-45A8-B942-8AEB9A34F886}"
EndProject
Project("{8BC9CEB8-8B4A-11D0-8D11-00A0C91BC942}") = "C07_DrawIndexedModel", "C07_DrawIndexedModel\C07_DrawIndexedModel.vcxproj", "{2C5AB744-8F91-4D2A-B44B-3405DAF189C2}"
EndProject
Project("{8BC9CEB8-8B4A-11D0-8D11-00A0C91BC942}") = "C07_InstancedModel", "C07_InstancedModel\C07_InstancedModel.vcxproj", "{060E3B30-05A0-4F85-AED8-EDF40ABB47F3}"
EndProject
Project("{8BC9CEB8-8B4A-11D0-8D11-00A0C91BC942}") = "C07_PrimitiveRestart", "C07_PrimitiveRestart\C07_PrimitiveRestart.vcxproj", "{279446A8-6192-468F-9298-FA2EF53D9167}"
EndProject
Project("{8BC9CEB8-8B4A-11D0-8D11-00A0C91BC942}") = "C07_TransformFeedBack", "C07_TransformFeedBack\C07_TransformFeedBack.vcxproj", "{274470E5-698F-40DB-B09E-C593535F8654}"
EndProject
Project("{8BC9CEB8-8B4A-11D0-8D11-00A0C91BC942}") = "C08_TessellationTerrain", "C08_TessellationTerrain\C08_TessellationTerrain.vcxproj", "{D45B423C-6085-44F2-8D38-168882C04512}"
EndProject
Project("{8BC9CEB8-8B4A-11D0-8D11-00A0C91BC942}") = "C08_TessellationBezierSurface", "C08_TessellationBezierSurface\C08_TessellationBezierSurface.vcxproj", "{39917DFB-12AC-4B2B-8911-B16069CFE796}"
EndProject
Project("{8BC9CEB8-8B4A-11D0-8D11-00A0C91BC942}") = "C08_GeometryShaderDiscard", "C08_GeometryShaderDiscard\C08_GeometryShaderDiscard.vcxproj", "{A37470E5-F342-4803-8A25-8C2C3C8B04E2}"
EndProject
Project("{8BC9CEB8-8B4A-11D0-8D11-00A0C91BC942}") = "C08_GeometryShaderExplosion", "C08_GeometryShaderExplosion\C08_GeometryShaderExplosion.vcxproj", "{DDBDED9F-D873-4ACB-BBEE-48E0BFD07661}"
EndProject
Project("{8BC9CEB8-8B4A-11D0-8D11-00A0C91BC942}") = "C08_GeometryShaderMakeObj", "C08_GeometryShaderMakeObj\C08_GeometryShaderMakeObj.vcxproj", "{665B8594-F00A-44B7-8707-A67685231658}"
EndProject
Project("{8BC9CEB8-8B4A-11D0-8D11-00A0C91BC942}") = "C08_GeometryShaderNormal", "C08_GeometryShaderNormal\C08_GeometryShaderNormal.vcxproj", "{E3F1DFDF-B7A3-4CD0-B5EE-B58DF02063BF}"
EndProject
Project("{8BC9CEB8-8B4A-11D0-8D11-00A0C91BC942}") = "C08_GeometryShaderRect", "C08_GeometryShaderRect\C08_GeometryShaderRect.vcxproj", "{BE73DD93-8E9A-49BD-BFE0-6F431D5821B4}"
EndProject
Project("{8BC9CEB8-8B4A-11D0-8D11-00A0C91BC942}") = "C08_GeometryShaderViewport", "C08_GeometryShaderViewport\C08_GeometryShaderViewport.vcxproj", "{5A37F334-0B92-487F-B184-F2E86B59220F}"
EndProject
Project("{8BC9CEB8-8B4A-11D0-8D11-00A0C91BC942}") = "C09_Interpolation", "C09_Interpolation\C09_Interpolation.vcxproj", "{6491C716-805B-4DC1-85CE-33C843D82F75}"
EndProject
Project("{8BC9CEB8-8B4A-11D0-8D11-00A0C91BC942}") = "C09_PerFragmentTest", "C09_PerFragmentTest\C09_PerFragmentTest.vcxproj", "{5DBD7325-2415-47F1-BA77-E38F241EEAE9}"
EndProject
Project("{8BC9CEB8-8B4A-11D0-8D11-00A0C91BC942}") = "C09_Blending", "C09_Blending\C09_Blending.vcxproj", "{E615B8C5-3105-4214-A9B5-86EB107DD0EC}"
EndProject
Project("{8BC9CEB8-8B4A-11D0-8D11-00A0C91BC942}") = "C09_FrameBuffer", "C09_FrameBuffer\C09_FrameBuffer.vcxproj", "{42E75BF7-0037-4015-9B97-3CAC11692D40}"
EndProject
Project("{8BC9CEB8-8B4A-11D0-8D11-00A0C91BC942}") = "C09_FrameBufferAttechment", "C09_FrameBufferAttechment\C09_FrameBufferAttechment.vcxproj", "{57B5D4EB-BF67-4ABD-A285-FD0F92B6ECA6}"
EndProject
Project("{8BC9CEB8-8B4A-11D0-8D11-00A0C91BC942}") = "C09_LayerFrameBuffer", "C09_LayerFrameBuffer\C09_LayerFrameBuffer.vcxproj", "{0395CD1B-2ADE-488E-A3ED-6B73CBAA521A}"
EndProject
Project("{8BC9CEB8-8B4A-11D0-8D11-00A0C91BC942}") = "C09_StereoRendering", "C09_StereoRendering\C09_StereoRendering.vcxproj", "{89DBA7DE-6DDD-43E8-B536-10C76928D5E4}"
EndProject
Project("{8BC9CEB8-8B4A-11D0-8D11-00A0C91BC942}") = "C09_Filtering", "C09_Filtering\C09_Filtering.vcxproj", "{C1EDF2EA-7E9B-4DB8-BB4E-6EFE1493C08D}"
EndProject
Project("{8BC9CEB8-8B4A-11D0-8D11-00A0C91BC942}") = "C09_MultiSampling", "C09_MultiSampling\C09_MultiSampling.vcxproj", "{71EAF023-52C7-4376-84AF-8EE22FDA96E5}"
EndProject
Project("{8BC9CEB8-8B4A-11D0-8D11-00A0C91BC942}") = "C09_HDR", "C09_HDR\C09_HDR.vcxproj", "{E5463D5E-9D62-4E28-B49B-71F9F4CDC0E0}"
EndProject
Project("{8BC9CEB8-8B4A-11D0-8D11-00A0C91BC942}") = "C09_Universe", "C09_Universe\C09_Universe.vcxproj", "{F91324B3-5271-4A71-97F5-BF5843E57F63}"
EndProject
Global
	GlobalSection(SolutionConfigurationPlatforms) = preSolution
		Debug|x64 = Debug|x64
		Debug|x86 = Debug|x86
		Release|x64 = Release|x64
		Release|x86 = Release|x86
	EndGlobalSection
	GlobalSection(ProjectConfigurationPlatforms) = postSolution
		{9E19ADED-4CB5-486E-8CA9-C9305868F586}.Debug|x64.ActiveCfg = Debug|x64
		{9E19ADED-4CB5-486E-8CA9-C9305868F586}.Debug|x64.Build.0 = Debug|x64
		{9E19ADED-4CB5-486E-8CA9-C9305868F586}.Debug|x86.ActiveCfg = Debug|Win32
		{9E19ADED-4CB5-486E-8CA9-C9305868F586}.Debug|x86.Build.0 = Debug|Win32
		{9E19ADED-4CB5-486E-8CA9-C9305868F586}.Release|x64.ActiveCfg = Release|x64
		{9E19ADED-4CB5-486E-8CA9-C9305868F586}.Release|x64.Build.0 = Release|x64
		{9E19ADED-4CB5-486E-8CA9-C9305868F586}.Release|x86.ActiveCfg = Release|Win32
		{9E19ADED-4CB5-486E-8CA9-C9305868F586}.Release|x86.Build.0 = Release|Win32
		{DFF3C5CE-F6D0-4B71-B9A1-F4070F5FFBF0}.Debug|x64.ActiveCfg = Debug|x64
		{DFF3C5CE-F6D0-4B71-B9A1-F4070F5FFBF0}.Debug|x64.Build.0 = Debug|x64
		{DFF3C5CE-F6D0-4B71-B9A1-F4070F5FFBF0}.Debug|x86.ActiveCfg = Debug|Win32
		{DFF3C5CE-F6D0-4B71-B9A1-F4070F5FFBF0}.Debug|x86.Build.0 = Debug|Win32
		{DFF3C5CE-F6D0-4B71-B9A1-F4070F5FFBF0}.Release|x64.ActiveCfg = Release|x64
		{DFF3C5CE-F6D0-4B71-B9A1-F4070F5FFBF0}.Release|x64.Build.0 = Release|x64
		{DFF3C5CE-F6D0-4B71-B9A1-F4070F5FFBF0}.Release|x86.ActiveCfg = Release|Win32
		{DFF3C5CE-F6D0-4B71-B9A1-F4070F5FFBF0}.Release|x86.Build.0 = Release|Win32
		{B4FBCACE-E4AE-4A00-88B0-20C7F7F5714A}.Debug|x64.ActiveCfg = Debug|x64
		{B4FBCACE-E4AE-4A00-88B0-20C7F7F5714A}.Debug|x64.Build.0 = Debug|x64
		{B4FBCACE-E4AE-4A00-88B0-20C7F7F5714A}.Debug|x86.ActiveCfg = Debug|Win32
		{B4FBCACE-E4AE-4A00-88B0-20C7F7F5714A}.Debug|x86.Build.0 = Debug|Win32
		{B4FBCACE-E4AE-4A00-88B0-20C7F7F5714A}.Release|x64.ActiveCfg = Release|x64
		{B4FBCACE-E4AE-4A00-88B0-20C7F7F5714A}.Release|x64.Build.0 = Release|x64
		{B4FBCACE-E4AE-4A00-88B0-20C7F7F5714A}.Release|x86.ActiveCfg = Release|Win32
		{B4FBCACE-E4AE-4A00-88B0-20C7F7F5714A}.Release|x86.Build.0 = Release|Win32
		{4C2B7BDD-F8A9-46A2-A977-442EB061EF36}.Debug|x64.ActiveCfg = Debug|x64
		{4C2B7BDD-F8A9-46A2-A977-442EB061EF36}.Debug|x64.Build.0 = Debug|x64
		{4C2B7BDD-F8A9-46A2-A977-442EB061EF36}.Debug|x86.ActiveCfg = Debug|Win32
		{4C2B7BDD-F8A9-46A2-A977-442EB061EF36}.Debug|x86.Build.0 = Debug|Win32
		{4C2B7BDD-F8A9-46A2-A977-442EB061EF36}.Release|x64.ActiveCfg = Release|x64
		{4C2B7BDD-F8A9-46A2-A977-442EB061EF36}.Release|x64.Build.0 = Release|x64
		{4C2B7BDD-F8A9-46A2-A977-442EB061EF36}.Release|x86.ActiveCfg = Release|Win32
		{4C2B7BDD-F8A9-46A2-A977-442EB061EF36}.Release|x86.Build.0 = Release|Win32
		{AFB80AB4-5B69-4599-BDB9-888A5C1B3728}.Debug|x64.ActiveCfg = Debug|x64
		{AFB80AB4-5B69-4599-BDB9-888A5C1B3728}.Debug|x64.Build.0 = Debug|x64
		{AFB80AB4-5B69-4599-BDB9-888A5C1B3728}.Debug|x86.ActiveCfg = Debug|Win32
		{AFB80AB4-5B69-4599-BDB9-888A5C1B3728}.Debug|x86.Build.0 = Debug|Win32
		{AFB80AB4-5B69-4599-BDB9-888A5C1B3728}.Release|x64.ActiveCfg = Release|x64
		{AFB80AB4-5B69-4599-BDB9-888A5C1B3728}.Release|x64.Build.0 = Release|x64
		{AFB80AB4-5B69-4599-BDB9-888A5C1B3728}.Release|x86.ActiveCfg = Release|Win32
		{AFB80AB4-5B69-4599-BDB9-888A5C1B3728}.Release|x86.Build.0 = Release|Win32
		{FCBE801B-9521-4A0D-9EA4-9E1E05BAF77B}.Debug|x64.ActiveCfg = Debug|x64
		{FCBE801B-9521-4A0D-9EA4-9E1E05BAF77B}.Debug|x64.Build.0 = Debug|x64
		{FCBE801B-9521-4A0D-9EA4-9E1E05BAF77B}.Debug|x86.ActiveCfg = Debug|Win32
		{FCBE801B-9521-4A0D-9EA4-9E1E05BAF77B}.Debug|x86.Build.0 = Debug|Win32
		{FCBE801B-9521-4A0D-9EA4-9E1E05BAF77B}.Release|x64.ActiveCfg = Release|x64
		{FCBE801B-9521-4A0D-9EA4-9E1E05BAF77B}.Release|x64.Build.0 = Release|x64
		{FCBE801B-9521-4A0D-9EA4-9E1E05BAF77B}.Release|x86.ActiveCfg = Release|Win32
		{FCBE801B-9521-4A0D-9EA4-9E1E05BAF77B}.Release|x86.Build.0 = Release|Win32
		{1E208725-DD1C-4F25-8672-EB1867A0A020}.Debug|x64.ActiveCfg = Debug|x64
		{1E208725-DD1C-4F25-8672-EB1867A0A020}.Debug|x64.Build.0 = Debug|x64
		{1E208725-DD1C-4F25-8672-EB1867A0A020}.Debug|x86.ActiveCfg = Debug|Win32
		{1E208725-DD1C-4F25-8672-EB1867A0A020}.Debug|x86.Build.0 = Debug|Win32
		{1E208725-DD1C-4F25-8672-EB1867A0A020}.Release|x64.ActiveCfg = Release|x64
		{1E208725-DD1C-4F25-8672-EB1867A0A020}.Release|x64.Build.0 = Release|x64
		{1E208725-DD1C-4F25-8672-EB1867A0A020}.Release|x86.ActiveCfg = Release|Win32
		{1E208725-DD1C-4F25-8672-EB1867A0A020}.Release|x86.Build.0 = Release|Win32
		{9EC8A46F-4E33-444C-A0FC-FF5B101B4C02}.Debug|x64.ActiveCfg = Debug|x64
		{9EC8A46F-4E33-444C-A0FC-FF5B101B4C02}.Debug|x64.Build.0 = Debug|x64
		{9EC8A46F-4E33-444C-A0FC-FF5B101B4C02}.Debug|x86.ActiveCfg = Debug|Win32
		{9EC8A46F-4E33-444C-A0FC-FF5B101B4C02}.Debug|x86.Build.0 = Debug|Win32
		{9EC8A46F-4E33-444C-A0FC-FF5B101B4C02}.Release|x64.ActiveCfg = Release|x64
		{9EC8A46F-4E33-444C-A0FC-FF5B101B4C02}.Release|x64.Build.0 = Release|x64
		{9EC8A46F-4E33-444C-A0FC-FF5B101B4C02}.Release|x86.ActiveCfg = Release|Win32
		{9EC8A46F-4E33-444C-A0FC-FF5B101B4C02}.Release|x86.Build.0 = Release|Win32
		{3C02B305-AC01-43A5-96A9-D137D7AE4F48}.Debug|x64.ActiveCfg = Debug|x64
		{3C02B305-AC01-43A5-96A9-D137D7AE4F48}.Debug|x64.Build.0 = Debug|x64
		{3C02B305-AC01-43A5-96A9-D137D7AE4F48}.Debug|x86.ActiveCfg = Debug|Win32
		{3C02B305-AC01-43A5-96A9-D137D7AE4F48}.Debug|x86.Build.0 = Debug|Win32
		{3C02B305-AC01-43A5-96A9-D137D7AE4F48}.Release|x64.ActiveCfg = Release|x64
		{3C02B305-AC01-43A5-96A9-D137D7AE4F48}.Release|x64.Build.0 = Release|x64
		{3C02B305-AC01-43A5-96A9-D137D7AE4F48}.Release|x86.ActiveCfg = Release|Win32
		{3C02B305-AC01-43A5-96A9-D137D7AE4F48}.Release|x86.Build.0 = Release|Win32
		{7B771DFA-0E5B-4522-884C-BCF479BBDCA6}.Debug|x64.ActiveCfg = Debug|x64
		{7B771DFA-0E5B-4522-884C-BCF479BBDCA6}.Debug|x64.Build.0 = Debug|x64
		{7B771DFA-0E5B-4522-884C-BCF479BBDCA6}.Debug|x86.ActiveCfg = Debug|Win32
		{7B771DFA-0E5B-4522-884C-BCF479BBDCA6}.Debug|x86.Build.0 = Debug|Win32
		{7B771DFA-0E5B-4522-884C-BCF479BBDCA6}.Release|x64.ActiveCfg = Release|x64
		{7B771DFA-0E5B-4522-884C-BCF479BBDCA6}.Release|x64.Build.0 = Release|x64
		{7B771DFA-0E5B-4522-884C-BCF479BBDCA6}.Release|x86.ActiveCfg = Release|Win32
		{7B771DFA-0E5B-4522-884C-BCF479BBDCA6}.Release|x86.Build.0 = Release|Win32
		{65ED7023-7D41-41E9-AC5C-E23F850D07B6}.Debug|x64.ActiveCfg = Debug|x64
		{65ED7023-7D41-41E9-AC5C-E23F850D07B6}.Debug|x64.Build.0 = Debug|x64
		{65ED7023-7D41-41E9-AC5C-E23F850D07B6}.Debug|x86.ActiveCfg = Debug|Win32
		{65ED7023-7D41-41E9-AC5C-E23F850D07B6}.Debug|x86.Build.0 = Debug|Win32
		{65ED7023-7D41-41E9-AC5C-E23F850D07B6}.Release|x64.ActiveCfg = Release|x64
		{65ED7023-7D41-41E9-AC5C-E23F850D07B6}.Release|x64.Build.0 = Release|x64
		{65ED7023-7D41-41E9-AC5C-E23F850D07B6}.Release|x86.ActiveCfg = Release|Win32
		{65ED7023-7D41-41E9-AC5C-E23F850D07B6}.Release|x86.Build.0 = Release|Win32
		{C1573213-3B0F-411E-8569-685425EB1D87}.Debug|x64.ActiveCfg = Debug|x64
		{C1573213-3B0F-411E-8569-685425EB1D87}.Debug|x64.Build.0 = Debug|x64
		{C1573213-3B0F-411E-8569-685425EB1D87}.Debug|x86.ActiveCfg = Debug|Win32
		{C1573213-3B0F-411E-8569-685425EB1D87}.Debug|x86.Build.0 = Debug|Win32
		{C1573213-3B0F-411E-8569-685425EB1D87}.Release|x64.ActiveCfg = Release|x64
		{C1573213-3B0F-411E-8569-685425EB1D87}.Release|x64.Build.0 = Release|x64
		{C1573213-3B0F-411E-8569-685425EB1D87}.Release|x86.ActiveCfg = Release|Win32
		{C1573213-3B0F-411E-8569-685425EB1D87}.Release|x86.Build.0 = Release|Win32
		{CF5A9F41-4FE4-41AD-BF77-444CB1C0EABC}.Debug|x64.ActiveCfg = Debug|x64
		{CF5A9F41-4FE4-41AD-BF77-444CB1C0EABC}.Debug|x64.Build.0 = Debug|x64
		{CF5A9F41-4FE4-41AD-BF77-444CB1C0EABC}.Debug|x86.ActiveCfg = Debug|Win32
		{CF5A9F41-4FE4-41AD-BF77-444CB1C0EABC}.Debug|x86.Build.0 = Debug|Win32
		{CF5A9F41-4FE4-41AD-BF77-444CB1C0EABC}.Release|x64.ActiveCfg = Release|x64
		{CF5A9F41-4FE4-41AD-BF77-444CB1C0EABC}.Release|x64.Build.0 = Release|x64
		{CF5A9F41-4FE4-41AD-BF77-444CB1C0EABC}.Release|x86.ActiveCfg = Release|Win32
		{CF5A9F41-4FE4-41AD-BF77-444CB1C0EABC}.Release|x86.Build.0 = Release|Win32
		{0FEFCAF7-1BF3-4EC5-95C6-A19D5804665F}.Debug|x64.ActiveCfg = Debug|x64
		{0FEFCAF7-1BF3-4EC5-95C6-A19D5804665F}.Debug|x64.Build.0 = Debug|x64
		{0FEFCAF7-1BF3-4EC5-95C6-A19D5804665F}.Debug|x86.ActiveCfg = Debug|Win32
		{0FEFCAF7-1BF3-4EC5-95C6-A19D5804665F}.Debug|x86.Build.0 = Debug|Win32
		{0FEFCAF7-1BF3-4EC5-95C6-A19D5804665F}.Release|x64.ActiveCfg = Release|x64
		{0FEFCAF7-1BF3-4EC5-95C6-A19D5804665F}.Release|x64.Build.0 = Release|x64
		{0FEFCAF7-1BF3-4EC5-95C6-A19D5804665F}.Release|x86.ActiveCfg = Release|Win32
		{0FEFCAF7-1BF3-4EC5-95C6-A19D5804665F}.Release|x86.Build.0 = Release|Win32
		{44D124D3-B357-461A-B1CF-51084125A657}.Debug|x64.ActiveCfg = Debug|x64
		{44D124D3-B357-461A-B1CF-51084125A657}.Debug|x64.Build.0 = Debug|x64
		{44D124D3-B357-461A-B1CF-51084125A657}.Debug|x86.ActiveCfg = Debug|Win32
		{44D124D3-B357-461A-B1CF-51084125A657}.Debug|x86.Build.0 = Debug|Win32
		{44D124D3-B357-461A-B1CF-51084125A657}.Release|x64.ActiveCfg = Release|x64
		{44D124D3-B357-461A-B1CF-51084125A657}.Release|x64.Build.0 = Release|x64
		{44D124D3-B357-461A-B1CF-51084125A657}.Release|x86.ActiveCfg = Release|Win32
		{44D124D3-B357-461A-B1CF-51084125A657}.Release|x86.Build.0 = Release|Win32
		{2E15D6F6-90AA-42B9-8C60-D6BBA9D23298}.Debug|x64.ActiveCfg = Debug|x64
		{2E15D6F6-90AA-42B9-8C60-D6BBA9D23298}.Debug|x64.Build.0 = Debug|x64
		{2E15D6F6-90AA-42B9-8C60-D6BBA9D23298}.Debug|x86.ActiveCfg = Debug|Win32
		{2E15D6F6-90AA-42B9-8C60-D6BBA9D23298}.Debug|x86.Build.0 = Debug|Win32
		{2E15D6F6-90AA-42B9-8C60-D6BBA9D23298}.Release|x64.ActiveCfg = Release|x64
		{2E15D6F6-90AA-42B9-8C60-D6BBA9D23298}.Release|x64.Build.0 = Release|x64
		{2E15D6F6-90AA-42B9-8C60-D6BBA9D23298}.Release|x86.ActiveCfg = Release|Win32
		{2E15D6F6-90AA-42B9-8C60-D6BBA9D23298}.Release|x86.Build.0 = Release|Win32
		{97062E9D-81EF-4071-A873-DA6A48FD0C00}.Debug|x64.ActiveCfg = Debug|x64
		{97062E9D-81EF-4071-A873-DA6A48FD0C00}.Debug|x64.Build.0 = Debug|x64
		{97062E9D-81EF-4071-A873-DA6A48FD0C00}.Debug|x86.ActiveCfg = Debug|Win32
		{97062E9D-81EF-4071-A873-DA6A48FD0C00}.Debug|x86.Build.0 = Debug|Win32
		{97062E9D-81EF-4071-A873-DA6A48FD0C00}.Release|x64.ActiveCfg = Release|x64
		{97062E9D-81EF-4071-A873-DA6A48FD0C00}.Release|x64.Build.0 = Release|x64
		{97062E9D-81EF-4071-A873-DA6A48FD0C00}.Release|x86.ActiveCfg = Release|Win32
		{97062E9D-81EF-4071-A873-DA6A48FD0C00}.Release|x86.Build.0 = Release|Win32
		{6C3DAA07-2068-4F46-9E0D-5BED2D123A4C}.Debug|x64.ActiveCfg = Debug|x64
		{6C3DAA07-2068-4F46-9E0D-5BED2D123A4C}.Debug|x64.Build.0 = Debug|x64
		{6C3DAA07-2068-4F46-9E0D-5BED2D123A4C}.Debug|x86.ActiveCfg = Debug|Win32
		{6C3DAA07-2068-4F46-9E0D-5BED2D123A4C}.Debug|x86.Build.0 = Debug|Win32
		{6C3DAA07-2068-4F46-9E0D-5BED2D123A4C}.Release|x64.ActiveCfg = Release|x64
		{6C3DAA07-2068-4F46-9E0D-5BED2D123A4C}.Release|x64.Build.0 = Release|x64
		{6C3DAA07-2068-4F46-9E0D-5BED2D123A4C}.Release|x86.ActiveCfg = Release|Win32
		{6C3DAA07-2068-4F46-9E0D-5BED2D123A4C}.Release|x86.Build.0 = Release|Win32
		{A3895525-C27B-46B0-8D56-AA341632D66B}.Debug|x64.ActiveCfg = Debug|x64
		{A3895525-C27B-46B0-8D56-AA341632D66B}.Debug|x64.Build.0 = Debug|x64
		{A3895525-C27B-46B0-8D56-AA341632D66B}.Debug|x86.ActiveCfg = Debug|Win32
		{A3895525-C27B-46B0-8D56-AA341632D66B}.Debug|x86.Build.0 = Debug|Win32
		{A3895525-C27B-46B0-8D56-AA341632D66B}.Release|x64.ActiveCfg = Release|x64
		{A3895525-C27B-46B0-8D56-AA341632D66B}.Release|x64.Build.0 = Release|x64
		{A3895525-C27B-46B0-8D56-AA341632D66B}.Release|x86.ActiveCfg = Release|Win32
		{A3895525-C27B-46B0-8D56-AA341632D66B}.Release|x86.Build.0 = Release|Win32
		{76FA3A86-22CD-4DC4-8F42-98C2EE4BD60A}.Debug|x64.ActiveCfg = Debug|x64
		{76FA3A86-22CD-4DC4-8F42-98C2EE4BD60A}.Debug|x64.Build.0 = Debug|x64
		{76FA3A86-22CD-4DC4-8F42-98C2EE4BD60A}.Debug|x86.ActiveCfg = Debug|Win32
		{76FA3A86-22CD-4DC4-8F42-98C2EE4BD60A}.Debug|x86.Build.0 = Debug|Win32
		{76FA3A86-22CD-4DC4-8F42-98C2EE4BD60A}.Release|x64.ActiveCfg = Release|x64
		{76FA3A86-22CD-4DC4-8F42-98C2EE4BD60A}.Release|x64.Build.0 = Release|x64
		{76FA3A86-22CD-4DC4-8F42-98C2EE4BD60A}.Release|x86.ActiveCfg = Release|Win32
		{76FA3A86-22CD-4DC4-8F42-98C2EE4BD60A}.Release|x86.Build.0 = Release|Win32
		{C9208189-A411-4D56-8F9B-D4E70965199A}.Debug|x64.ActiveCfg = Debug|x64
		{C9208189-A411-4D56-8F9B-D4E70965199A}.Debug|x64.Build.0 = Debug|x64
		{C9208189-A411-4D56-8F9B-D4E70965199A}.Debug|x86.ActiveCfg = Debug|Win32
		{C9208189-A411-4D56-8F9B-D4E70965199A}.Debug|x86.Build.0 = Debug|Win32
		{C9208189-A411-4D56-8F9B-D4E70965199A}.Release|x64.ActiveCfg = Release|x64
		{C9208189-A411-4D56-8F9B-D4E70965199A}.Release|x64.Build.0 = Release|x64
		{C9208189-A411-4D56-8F9B-D4E70965199A}.Release|x86.ActiveCfg = Release|Win32
		{C9208189-A411-4D56-8F9B-D4E70965199A}.Release|x86.Build.0 = Release|Win32
		{EC626E7F-77A1-4ABB-816C-566FD08F7706}.Debug|x64.ActiveCfg = Debug|x64
		{EC626E7F-77A1-4ABB-816C-566FD08F7706}.Debug|x64.Build.0 = Debug|x64
		{EC626E7F-77A1-4ABB-816C-566FD08F7706}.Debug|x86.ActiveCfg = Debug|Win32
		{EC626E7F-77A1-4ABB-816C-566FD08F7706}.Debug|x86.Build.0 = Debug|Win32
		{EC626E7F-77A1-4ABB-816C-566FD08F7706}.Release|x64.ActiveCfg = Release|x64
		{EC626E7F-77A1-4ABB-816C-566FD08F7706}.Release|x64.Build.0 = Release|x64
		{EC626E7F-77A1-4ABB-816C-566FD08F7706}.Release|x86.ActiveCfg = Release|Win32
		{EC626E7F-77A1-4ABB-816C-566FD08F7706}.Release|x86.Build.0 = Release|Win32
		{7CADB845-BC12-45A8-B942-8AEB9A34F886}.Debug|x64.ActiveCfg = Debug|x64
		{7CADB845-BC12-45A8-B942-8AEB9A34F886}.Debug|x64.Build.0 = Debug|x64
		{7CADB845-BC12-45A8-B942-8AEB9A34F886}.Debug|x86.ActiveCfg = Debug|Win32
		{7CADB845-BC12-45A8-B942-8AEB9A34F886}.Debug|x86.Build.0 = Debug|Win32
		{7CADB845-BC12-45A8-B942-8AEB9A34F886}.Release|x64.ActiveCfg = Release|x64
		{7CADB845-BC12-45A8-B942-8AEB9A34F886}.Release|x64.Build.0 = Release|x64
		{7CADB845-BC12-45A8-B942-8AEB9A34F886}.Release|x86.ActiveCfg = Release|Win32
		{7CADB845-BC12-45A8-B942-8AEB9A34F886}.Release|x86.Build.0 = Release|Win32
		{2C5AB744-8F91-4D2A-B44B-3405DAF189C2}.Debug|x64.ActiveCfg = Debug|x64
		{2C5AB744-8F91-4D2A-B44B-3405DAF189C2}.Debug|x64.Build.0 = Debug|x64
		{2C5AB744-8F91-4D2A-B44B-3405DAF189C2}.Debug|x86.ActiveCfg = Debug|Win32
		{2C5AB744-8F91-4D2A-B44B-3405DAF189C2}.Debug|x86.Build.0 = Debug|Win32
		{2C5AB744-8F91-4D2A-B44B-3405DAF189C2}.Release|x64.ActiveCfg = Release|x64
		{2C5AB744-8F91-4D2A-B44B-3405DAF189C2}.Release|x64.Build.0 = Release|x64
		{2C5AB744-8F91-4D2A-B44B-3405DAF189C2}.Release|x86.ActiveCfg = Release|Win32
		{2C5AB744-8F91-4D2A-B44B-3405DAF189C2}.Release|x86.Build.0 = Release|Win32
		{060E3B30-05A0-4F85-AED8-EDF40ABB47F3}.Debug|x64.ActiveCfg = Debug|x64
		{060E3B30-05A0-4F85-AED8-EDF40ABB47F3}.Debug|x64.Build.0 = Debug|x64
		{060E3B30-05A0-4F85-AED8-EDF40ABB47F3}.Debug|x86.ActiveCfg = Debug|Win32
		{060E3B30-05A0-4F85-AED8-EDF40ABB47F3}.Debug|x86.Build.0 = Debug|Win32
		{060E3B30-05A0-4F85-AED8-EDF40ABB47F3}.Release|x64.ActiveCfg = Release|x64
		{060E3B30-05A0-4F85-AED8-EDF40ABB47F3}.Release|x64.Build.0 = Release|x64
		{060E3B30-05A0-4F85-AED8-EDF40ABB47F3}.Release|x86.ActiveCfg = Release|Win32
		{060E3B30-05A0-4F85-AED8-EDF40ABB47F3}.Release|x86.Build.0 = Release|Win32
		{279446A8-6192-468F-9298-FA2EF53D9167}.Debug|x64.ActiveCfg = Debug|x64
		{279446A8-6192-468F-9298-FA2EF53D9167}.Debug|x64.Build.0 = Debug|x64
		{279446A8-6192-468F-9298-FA2EF53D9167}.Debug|x86.ActiveCfg = Debug|Win32
		{279446A8-6192-468F-9298-FA2EF53D9167}.Debug|x86.Build.0 = Debug|Win32
		{279446A8-6192-468F-9298-FA2EF53D9167}.Release|x64.ActiveCfg = Release|x64
		{279446A8-6192-468F-9298-FA2EF53D9167}.Release|x64.Build.0 = Release|x64
		{279446A8-6192-468F-9298-FA2EF53D9167}.Release|x86.ActiveCfg = Release|Win32
		{279446A8-6192-468F-9298-FA2EF53D9167}.Release|x86.Build.0 = Release|Win32
		{274470E5-698F-40DB-B09E-C593535F8654}.Debug|x64.ActiveCfg = Debug|x64
		{274470E5-698F-40DB-B09E-C593535F8654}.Debug|x64.Build.0 = Debug|x64
		{274470E5-698F-40DB-B09E-C593535F8654}.Debug|x86.ActiveCfg = Debug|Win32
		{274470E5-698F-40DB-B09E-C593535F8654}.Debug|x86.Build.0 = Debug|Win32
		{274470E5-698F-40DB-B09E-C593535F8654}.Release|x64.ActiveCfg = Release|x64
		{274470E5-698F-40DB-B09E-C593535F8654}.Release|x64.Build.0 = Release|x64
		{274470E5-698F-40DB-B09E-C593535F8654}.Release|x86.ActiveCfg = Release|Win32
		{274470E5-698F-40DB-B09E-C593535F8654}.Release|x86.Build.0 = Release|Win32
		{D45B423C-6085-44F2-8D38-168882C04512}.Debug|x64.ActiveCfg = Debug|x64
		{D45B423C-6085-44F2-8D38-168882C04512}.Debug|x64.Build.0 = Debug|x64
		{D45B423C-6085-44F2-8D38-168882C04512}.Debug|x86.ActiveCfg = Debug|Win32
		{D45B423C-6085-44F2-8D38-168882C04512}.Debug|x86.Build.0 = Debug|Win32
		{D45B423C-6085-44F2-8D38-168882C04512}.Release|x64.ActiveCfg = Release|x64
		{D45B423C-6085-44F2-8D38-168882C04512}.Release|x64.Build.0 = Release|x64
		{D45B423C-6085-44F2-8D38-168882C04512}.Release|x86.ActiveCfg = Release|Win32
		{D45B423C-6085-44F2-8D38-168882C04512}.Release|x86.Build.0 = Release|Win32
		{39917DFB-12AC-4B2B-8911-B16069CFE796}.Debug|x64.ActiveCfg = Debug|x64
		{39917DFB-12AC-4B2B-8911-B16069CFE796}.Debug|x64.Build.0 = Debug|x64
		{39917DFB-12AC-4B2B-8911-B16069CFE796}.Debug|x86.ActiveCfg = Debug|Win32
		{39917DFB-12AC-4B2B-8911-B16069CFE796}.Debug|x86.Build.0 = Debug|Win32
		{39917DFB-12AC-4B2B-8911-B16069CFE796}.Release|x64.ActiveCfg = Release|x64
		{39917DFB-12AC-4B2B-8911-B16069CFE796}.Release|x64.Build.0 = Release|x64
		{39917DFB-12AC-4B2B-8911-B16069CFE796}.Release|x86.ActiveCfg = Release|Win32
		{39917DFB-12AC-4B2B-8911-B16069CFE796}.Release|x86.Build.0 = Release|Win32
		{A37470E5-F342-4803-8A25-8C2C3C8B04E2}.Debug|x64.ActiveCfg = Debug|x64
		{A37470E5-F342-4803-8A25-8C2C3C8B04E2}.Debug|x64.Build.0 = Debug|x64
		{A37470E5-F342-4803-8A25-8C2C3C8B04E2}.Debug|x86.ActiveCfg = Debug|Win32
		{A37470E5-F342-4803-8A25-8C2C3C8B04E2}.Debug|x86.Build.0 = Debug|Win32
		{A37470E5-F342-4803-8A25-8C2C3C8B04E2}.Release|x64.ActiveCfg = Release|x64
		{A37470E5-F342-4803-8A25-8C2C3C8B04E2}.Release|x64.Build.0 = Release|x64
		{A37470E5-F342-4803-8A25-8C2C3C8B04E2}.Release|x86.ActiveCfg = Release|Win32
		{A37470E5-F342-4803-8A25-8C2C3C8B04E2}.Release|x86.Build.0 = Release|Win32
		{DDBDED9F-D873-4ACB-BBEE-48E0BFD07661}.Debug|x64.ActiveCfg = Debug|x64
		{DDBDED9F-D873-4ACB-BBEE-48E0BFD07661}.Debug|x64.Build.0 = Debug|x64
		{DDBDED9F-D873-4ACB-BBEE-48E0BFD07661}.Debug|x86.ActiveCfg = Debug|Win32
		{DDBDED9F-D873-4ACB-BBEE-48E0BFD07661}.Debug|x86.Build.0 = Debug|Win32
		{DDBDED9F-D873-4ACB-BBEE-48E0BFD07661}.Release|x64.ActiveCfg = Release|x64
		{DDBDED9F-D873-4ACB-BBEE-48E0BFD07661}.Release|x64.Build.0 = Release|x64
		{DDBDED9F-D873-4ACB-BBEE-48E0BFD07661}.Release|x86.ActiveCfg = Release|Win32
		{DDBDED9F-D873-4ACB-BBEE-48E0BFD07661}.Release|x86.Build.0 = Release|Win32
		{665B8594-F00A-44B7-8707-A67685231658}.Debug|x64.ActiveCfg = Debug|x64
		{665B8594-F00A-44B7-8707-A67685231658}.Debug|x64.Build.0 = Debug|x64
		{665B8594-F00A-44B7-8707-A67685231658}.Debug|x86.ActiveCfg = Debug|Win32
		{665B8594-F00A-44B7-8707-A67685231658}.Debug|x86.Build.0 = Debug|Win32
		{665B8594-F00A-44B7-8707-A67685231658}.Release|x64.ActiveCfg = Release|x64
		{665B8594-F00A-44B7-8707-A67685231658}.Release|x64.Build.0 = Release|x64
		{665B8594-F00A-44B7-8707-A67685231658}.Release|x86.ActiveCfg = Release|Win32
		{665B8594-F00A-44B7-8707-A67685231658}.Release|x86.Build.0 = Release|Win32
		{E3F1DFDF-B7A3-4CD0-B5EE-B58DF02063BF}.Debug|x64.ActiveCfg = Debug|x64
		{E3F1DFDF-B7A3-4CD0-B5EE-B58DF02063BF}.Debug|x64.Build.0 = Debug|x64
		{E3F1DFDF-B7A3-4CD0-B5EE-B58DF02063BF}.Debug|x86.ActiveCfg = Debug|Win32
		{E3F1DFDF-B7A3-4CD0-B5EE-B58DF02063BF}.Debug|x86.Build.0 = Debug|Win32
		{E3F1DFDF-B7A3-4CD0-B5EE-B58DF02063BF}.Release|x64.ActiveCfg = Release|x64
		{E3F1DFDF-B7A3-4CD0-B5EE-B58DF02063BF}.Release|x64.Build.0 = Release|x64
		{E3F1DFDF-B7A3-4CD0-B5EE-B58DF02063BF}.Release|x86.ActiveCfg = Release|Win32
		{E3F1DFDF-B7A3-4CD0-B5EE-B58DF02063BF}.Release|x86.Build.0 = Release|Win32
		{BE73DD93-8E9A-49BD-BFE0-6F431D5821B4}.Debug|x64.ActiveCfg = Debug|x64
		{BE73DD93-8E9A-49BD-BFE0-6F431D5821B4}.Debug|x64.Build.0 = Debug|x64
		{BE73DD93-8E9A-49BD-BFE0-6F431D5821B4}.Debug|x86.ActiveCfg = Debug|Win32
		{BE73DD93-8E9A-49BD-BFE0-6F431D5821B4}.Debug|x86.Build.0 = Debug|Win32
		{BE73DD93-8E9A-49BD-BFE0-6F431D5821B4}.Release|x64.ActiveCfg = Release|x64
		{BE73DD93-8E9A-49BD-BFE0-6F431D5821B4}.Release|x64.Build.0 = Release|x64
		{BE73DD93-8E9A-49BD-BFE0-6F431D5821B4}.Release|x86.ActiveCfg = Release|Win32
		{BE73DD93-8E9A-49BD-BFE0-6F431D5821B4}.Release|x86.Build.0 = Release|Win32
		{5A37F334-0B92-487F-B184-F2E86B59220F}.Debug|x64.ActiveCfg = Debug|x64
		{5A37F334-0B92-487F-B184-F2E86B59220F}.Debug|x64.Build.0 = Debug|x64
		{5A37F334-0B92-487F-B184-F2E86B59220F}.Debug|x86.ActiveCfg = Debug|Win32
		{5A37F334-0B92-487F-B184-F2E86B59220F}.Debug|x86.Build.0 = Debug|Win32
		{5A37F334-0B92-487F-B184-F2E86B59220F}.Release|x64.ActiveCfg = Release|x64
		{5A37F334-0B92-487F-B184-F2E86B59220F}.Release|x64.Build.0 = Release|x64
		{5A37F334-0B92-487F-B184-F2E86B59220F}.Release|x86.ActiveCfg = Release|Win32
		{5A37F334-0B92-487F-B184-F2E86B59220F}.Release|x86.Build.0 = Release|Win32
		{6491C716-805B-4DC1-85CE-33C843D82F75}.Debug|x64.ActiveCfg = Debug|x64
		{6491C716-805B-4DC1-85CE-33C843D82F75}.Debug|x64.Build.0 = Debug|x64
		{6491C716-805B-4DC1-85CE-33C843D82F75}.Debug|x86.ActiveCfg = Debug|Win32
		{6491C716-805B-4DC1-85CE-33C843D82F75}.Debug|x86.Build.0 = Debug|Win32
		{6491C716-805B-4DC1-85CE-33C843D82F75}.Release|x64.ActiveCfg = Release|x64
		{6491C716-805B-4DC1-85CE-33C843D82F75}.Release|x64.Build.0 = Release|x64
		{6491C716-805B-4DC1-85CE-33C843D82F75}.Release|x86.ActiveCfg = Release|Win32
		{6491C716-805B-4DC1-85CE-33C843D82F75}.Release|x86.Build.0 = Release|Win32
		{5DBD7325-2415-47F1-BA77-E38F241EEAE9}.Debug|x64.ActiveCfg = Debug|x64
		{5DBD7325-2415-47F1-BA77-E38F241EEAE9}.Debug|x64.Build.0 = Debug|x64
		{5DBD7325-2415-47F1-BA77-E38F241EEAE9}.Debug|x86.ActiveCfg = Debug|Win32
		{5DBD7325-2415-47F1-BA77-E38F241EEAE9}.Debug|x86.Build.0 = Debug|Win32
		{5DBD7325-2415-47F1-BA77-E38F241EEAE9}.Release|x64.ActiveCfg = Release|x64
		{5DBD7325-2415-47F1-BA77-E38F241EEAE9}.Release|x64.Build.0 = Release|x64
		{5DBD7325-2415-47F1-BA77-E38F241EEAE9}.Release|x86.ActiveCfg = Release|Win32
		{5DBD7325-2415-47F1-BA77-E38F241EEAE9}.Release|x86.Build.0 = Release|Win32
		{E615B8C5-3105-4214-A9B5-86EB107DD0EC}.Debug|x64.ActiveCfg = Debug|x64
		{E615B8C5-3105-4214-A9B5-86EB107DD0EC}.Debug|x64.Build.0 = Debug|x64
		{E615B8C5-3105-4214-A9B5-86EB107DD0EC}.Debug|x86.ActiveCfg = Debug|Win32
		{E615B8C5-3105-4214-A9B5-86EB107DD0EC}.Debug|x86.Build.0 = Debug|Win32
		{E615B8C5-3105-4214-A9B5-86EB107DD0EC}.Release|x64.ActiveCfg = Release|x64
		{E615B8C5-3105-4214-A9B5-86EB107DD0EC}.Release|x64.Build.0 = Release|x64
		{E615B8C5-3105-4214-A9B5-86EB107DD0EC}.Release|x86.ActiveCfg = Release|Win32
		{E615B8C5-3105-4214-A9B5-86EB107DD0EC}.Release|x86.Build.0 = Release|Win32
		{42E75BF7-0037-4015-9B97-3CAC11692D40}.Debug|x64.ActiveCfg = Debug|x64
		{42E75BF7-0037-4015-9B97-3CAC11692D40}.Debug|x64.Build.0 = Debug|x64
		{42E75BF7-0037-4015-9B97-3CAC11692D40}.Debug|x86.ActiveCfg = Debug|Win32
		{42E75BF7-0037-4015-9B97-3CAC11692D40}.Debug|x86.Build.0 = Debug|Win32
		{42E75BF7-0037-4015-9B97-3CAC11692D40}.Release|x64.ActiveCfg = Release|x64
		{42E75BF7-0037-4015-9B97-3CAC11692D40}.Release|x64.Build.0 = Release|x64
		{42E75BF7-0037-4015-9B97-3CAC11692D40}.Release|x86.ActiveCfg = Release|Win32
		{42E75BF7-0037-4015-9B97-3CAC11692D40}.Release|x86.Build.0 = Release|Win32
		{57B5D4EB-BF67-4ABD-A285-FD0F92B6ECA6}.Debug|x64.ActiveCfg = Debug|x64
		{57B5D4EB-BF67-4ABD-A285-FD0F92B6ECA6}.Debug|x64.Build.0 = Debug|x64
		{57B5D4EB-BF67-4ABD-A285-FD0F92B6ECA6}.Debug|x86.ActiveCfg = Debug|Win32
		{57B5D4EB-BF67-4ABD-A285-FD0F92B6ECA6}.Debug|x86.Build.0 = Debug|Win32
		{57B5D4EB-BF67-4ABD-A285-FD0F92B6ECA6}.Release|x64.ActiveCfg = Release|x64
		{57B5D4EB-BF67-4ABD-A285-FD0F92B6ECA6}.Release|x64.Build.0 = Release|x64
		{57B5D4EB-BF67-4ABD-A285-FD0F92B6ECA6}.Release|x86.ActiveCfg = Release|Win32
		{57B5D4EB-BF67-4ABD-A285-FD0F92B6ECA6}.Release|x86.Build.0 = Release|Win32
		{0395CD1B-2ADE-488E-A3ED-6B73CBAA521A}.Debug|x64.ActiveCfg = Debug|x64
		{0395CD1B-2ADE-488E-A3ED-6B73CBAA521A}.Debug|x64.Build.0 = Debug|x64
		{0395CD1B-2ADE-488E-A3ED-6B73CBAA521A}.Debug|x86.ActiveCfg = Debug|Win32
		{0395CD1B-2ADE-488E-A3ED-6B73CBAA521A}.Debug|x86.Build.0 = Debug|Win32
		{0395CD1B-2ADE-488E-A3ED-6B73CBAA521A}.Release|x64.ActiveCfg = Release|x64
		{0395CD1B-2ADE-488E-A3ED-6B73CBAA521A}.Release|x64.Build.0 = Release|x64
		{0395CD1B-2ADE-488E-A3ED-6B73CBAA521A}.Release|x86.ActiveCfg = Release|Win32
		{0395CD1B-2ADE-488E-A3ED-6B73CBAA521A}.Release|x86.Build.0 = Release|Win32
		{89DBA7DE-6DDD-43E8-B536-10C76928D5E4}.Debug|x64.ActiveCfg = Debug|x64
		{89DBA7DE-6DDD-43E8-B536-10C76928D5E4}.Debug|x64.Build.0 = Debug|x64
		{89DBA7DE-6DDD-43E8-B536-10C76928D5E4}.Debug|x86.ActiveCfg = Debug|Win32
		{89DBA7DE-6DDD-43E8-B536-10C76928D5E4}.Debug|x86.Build.0 = Debug|Win32
		{89DBA7DE-6DDD-43E8-B536-10C76928D5E4}.Release|x64.ActiveCfg = Release|x64
		{89DBA7DE-6DDD-43E8-B536-10C76928D5E4}.Release|x64.Build.0 = Release|x64
		{89DBA7DE-6DDD-43E8-B536-10C76928D5E4}.Release|x86.ActiveCfg = Release|Win32
		{89DBA7DE-6DDD-43E8-B536-10C76928D5E4}.Release|x86.Build.0 = Release|Win32
		{C1EDF2EA-7E9B-4DB8-BB4E-6EFE1493C08D}.Debug|x64.ActiveCfg = Debug|x64
		{C1EDF2EA-7E9B-4DB8-BB4E-6EFE1493C08D}.Debug|x64.Build.0 = Debug|x64
		{C1EDF2EA-7E9B-4DB8-BB4E-6EFE1493C08D}.Debug|x86.ActiveCfg = Debug|Win32
		{C1EDF2EA-7E9B-4DB8-BB4E-6EFE1493C08D}.Debug|x86.Build.0 = Debug|Win32
		{C1EDF2EA-7E9B-4DB8-BB4E-6EFE1493C08D}.Release|x64.ActiveCfg = Release|x64
		{C1EDF2EA-7E9B-4DB8-BB4E-6EFE1493C08D}.Release|x64.Build.0 = Release|x64
		{C1EDF2EA-7E9B-4DB8-BB4E-6EFE1493C08D}.Release|x86.ActiveCfg = Release|Win32
		{C1EDF2EA-7E9B-4DB8-BB4E-6EFE1493C08D}.Release|x86.Build.0 = Release|Win32
		{71EAF023-52C7-4376-84AF-8EE22FDA96E5}.Debug|x64.ActiveCfg = Debug|x64
		{71EAF023-52C7-4376-84AF-8EE22FDA96E5}.Debug|x64.Build.0 = Debug|x64
		{71EAF023-52C7-4376-84AF-8EE22FDA96E5}.Debug|x86.ActiveCfg = Debug|Win32
		{71EAF023-52C7-4376-84AF-8EE22FDA96E5}.Debug|x86.Build.0 = Debug|Win32
		{71EAF023-52C7-4376-84AF-8EE22FDA96E5}.Release|x64.ActiveCfg = Release|x64
		{71EAF023-52C7-4376-84AF-8EE22FDA96E5}.Release|x64.Build.0 = Release|x64
		{71EAF023-52C7-4376-84AF-8EE22FDA96E5}.Release|x86.ActiveCfg = Release|Win32
		{71EAF023-52C7-4376-84AF-8EE22FDA96E5}.Release|x86.Build.0 = Release|Win32
		{E5463D5E-9D62-4E28-B49B-71F9F4CDC0E0}.Debug|x64.ActiveCfg = Debug|x64
		{E5463D5E-9D62-4E28-B49B-71F9F4CDC0E0}.Debug|x64.Build.0 = Debug|x64
		{E5463D5E-9D62-4E28-B49B-71F9F4CDC0E0}.Debug|x86.ActiveCfg = Debug|Win32
		{E5463D5E-9D62-4E28-B49B-71F9F4CDC0E0}.Debug|x86.Build.0 = Debug|Win32
		{E5463D5E-9D62-4E28-B49B-71F9F4CDC0E0}.Release|x64.ActiveCfg = Release|x64
		{E5463D5E-9D62-4E28-B49B-71F9F4CDC0E0}.Release|x64.Build.0 = Release|x64
		{E5463D5E-9D62-4E28-B49B-71F9F4CDC0E0}.Release|x86.ActiveCfg = Release|Win32
		{E5463D5E-9D62-4E28-B49B-71F9F4CDC0E0}.Release|x86.Build.0 = Release|Win32
		{F91324B3-5271-4A71-97F5-BF5843E57F63}.Debug|x64.ActiveCfg = Debug|x64
		{F91324B3-5271-4A71-97F5-BF5843E57F63}.Debug|x64.Build.0 = Debug|x64
		{F91324B3-5271-4A71-97F5-BF5843E57F63}.Debug|x86.ActiveCfg = Debug|Win32
		{F91324B3-5271-4A71-97F5-BF5843E57F63}.Debug|x86.Build.0 = Debug|Win32
		{F91324B3-5271-4A71-97F5-BF5843E57F63}.Release|x64.ActiveCfg = Release|x64
		{F91324B3-5271-4A71-97F5-BF5843E57F63}.Release|x64.Build.0 = Release|x64
		{F91324B3-5271-4A71-97F5-BF5843E57F63}.Release|x86.ActiveCfg = Release|Win32
		{F91324B3-5271-4A71-97F5-BF5843E57F63}.Release|x86.Build.0 = Release|Win32
	EndGlobalSection
	GlobalSection(SolutionProperties) = preSolution
		HideSolutionNode = FALSE
	EndGlobalSection
	GlobalSection(ExtensibilityGlobals) = postSolution
		SolutionGuid = {CF4DB1CB-4DB6-4C49-A11D-1F89226BE9F3}
	EndGlobalSection
EndGlobal
